
Microsoft Visual Studio Solution File, Format Version 12.00
# Visual Studio 14
VisualStudioVersion = 14.0.23107.0
MinimumVisualStudioVersion = 10.0.40219.1
Project("{FAE04EC0-301F-11D3-BF4B-00C04F79EFBC}") = "ToolApplication", "ToolApplication\ToolApplication.csproj", "{E0924954-1F84-4ED5-8723-925F48AAB4B6}"
EndProject
Project("{FAE04EC0-301F-11D3-BF4B-00C04F79EFBC}") = "ToolApplication.Domain", "ToolApplication.Domain\ToolApplication.Domain.csproj", "{6FC69D3C-A8CD-48A7-A533-62157038137A}"
EndProject
Project("{FAE04EC0-301F-11D3-BF4B-00C04F79EFBC}") = "ToolApplication.Service", "ToolApplication.Service\ToolApplication.Service.csproj", "{D405235D-677F-42A2-A8FF-72F91876842F}"
EndProject
Global
	GlobalSection(SolutionConfigurationPlatforms) = preSolution
		Debug|Any CPU = Debug|Any CPU
		Release|Any CPU = Release|Any CPU
	EndGlobalSection
	GlobalSection(ProjectConfigurationPlatforms) = postSolution
		{E0924954-1F84-4ED5-8723-925F48AAB4B6}.Debug|Any CPU.ActiveCfg = Debug|Any CPU
		{E0924954-1F84-4ED5-8723-925F48AAB4B6}.Debug|Any CPU.Build.0 = Debug|Any CPU
		{E0924954-1F84-4ED5-8723-925F48AAB4B6}.Release|Any CPU.ActiveCfg = Release|Any CPU
		{E0924954-1F84-4ED5-8723-925F48AAB4B6}.Release|Any CPU.Build.0 = Release|Any CPU
		{6FC69D3C-A8CD-48A7-A533-62157038137A}.Debug|Any CPU.ActiveCfg = Debug|Any CPU
		{6FC69D3C-A8CD-48A7-A533-62157038137A}.Debug|Any CPU.Build.0 = Debug|Any CPU
		{6FC69D3C-A8CD-48A7-A533-62157038137A}.Release|Any CPU.ActiveCfg = Release|Any CPU
		{6FC69D3C-A8CD-48A7-A533-62157038137A}.Release|Any CPU.Build.0 = Release|Any CPU
		{D405235D-677F-42A2-A8FF-72F91876842F}.Debug|Any CPU.ActiveCfg = Debug|Any CPU
		{D405235D-677F-42A2-A8FF-72F91876842F}.Debug|Any CPU.Build.0 = Debug|Any CPU
		{D405235D-677F-42A2-A8FF-72F91876842F}.Release|Any CPU.ActiveCfg = Release|Any CPU
		{D405235D-677F-42A2-A8FF-72F91876842F}.Release|Any CPU.Build.0 = Release|Any CPU
	EndGlobalSection
	GlobalSection(SolutionProperties) = preSolution
		HideSolutionNode = FALSE
	EndGlobalSection
EndGlobal
